<?xml version="1.0" encoding="utf-8"?>
<Project ToolsVersion="4.0" xmlns="http://schemas.microsoft.com/developer/msbuild/2003">
  <ItemGroup>
    <Filter Include="Source Files">
      <UniqueIdentifier>{4FC737F1-C7A5-4376-A066-2A32D752A2FF}</UniqueIdentifier>
      <Extensions>cpp;c;cc;cxx;c++;cppm;ixx;def;odl;idl;hpj;bat;asm;asmx</Extensions>
    </Filter>
    <Filter Include="Header Files">
      <UniqueIdentifier>{93995380-89BD-4b04-88EB-625FBE52EBFB}</UniqueIdentifier>
      <Extensions>h;hh;hpp;hxx;h++;hm;inl;inc;ipp;xsd</Extensions>
    </Filter>
    <Filter Include="Resource Files">
      <UniqueIdentifier>{67DA6AB6-F800-4c08-8B7A-83BB121AAD01}</UniqueIdentifier>
      <Extensions>rc;ico;cur;bmp;dlg;rc2;rct;bin;rgs;gif;jpg;jpeg;jpe;resx;tiff;tif;png;wav;mfcribbon-ms</Extensions>
    </Filter>
    <Filter Include="Header Files\Controllers">
      <UniqueIdentifier>{0364d771-e455-419d-944b-a328b9ac5ffd}</UniqueIdentifier>
    </Filter>
    <Filter Include="Source Files\Controllers">
      <UniqueIdentifier>{25ddb389-abab-4af1-a8c2-da6da186b73b}</UniqueIdentifier>
    </Filter>
    <Filter Include="Header Files\Factories">
      <UniqueIdentifier>{d996908d-1954-4168-9854-303e78ec86e9}</UniqueIdentifier>
    </Filter>
    <Filter Include="Source Files\Factories">
      <UniqueIdentifier>{7a714b19-ae94-4a4b-81eb-4017fe767bd8}</UniqueIdentifier>
    </Filter>
    <Filter Include="Header Files\Views">
      <UniqueIdentifier>{7bcac213-5d21-4853-90c8-6cf8cc64008e}</UniqueIdentifier>
    </Filter>
    <Filter Include="Source Files\Views">
      <UniqueIdentifier>{aeafcbd9-a076-4e9f-9b02-ab507031c28a}</UniqueIdentifier>
    </Filter>
    <Filter Include="Header Files\Enemy">
      <UniqueIdentifier>{f8f834d8-4519-4ec6-aca6-54c335a2484b}</UniqueIdentifier>
    </Filter>
    <Filter Include="Source Files\Enemy">
      <UniqueIdentifier>{48cc4066-71a7-47ac-b08c-bc8fa5ba00d9}</UniqueIdentifier>
    </Filter>
    <Filter Include="Header Files\Data">
      <UniqueIdentifier>{619df884-dc21-4619-8073-7ad89b69e17b}</UniqueIdentifier>
    </Filter>
    <Filter Include="Source Files\Data">
      <UniqueIdentifier>{4924ea6f-9c52-481b-8c0e-376fdbd45797}</UniqueIdentifier>
    </Filter>
    <Filter Include="Header Files\Loaders">
      <UniqueIdentifier>{f0e1e214-59ea-4393-a271-a3f71cf4dfff}</UniqueIdentifier>
    </Filter>
    <Filter Include="Source Files\Loaders">
      <UniqueIdentifier>{d421eb4f-e1a4-4677-a568-2de0605933e6}</UniqueIdentifier>
    </Filter>
    <Filter Include="Header Files\Tower">
      <UniqueIdentifier>{942f0041-372b-4c13-b059-4879cab4a04a}</UniqueIdentifier>
    </Filter>
    <Filter Include="Source Files\Tower">
      <UniqueIdentifier>{a23eb940-a8e0-4bbe-83bb-c6b01f79d53a}</UniqueIdentifier>
    </Filter>
    <Filter Include="Header Files\Constants">
      <UniqueIdentifier>{104297eb-91d5-4911-b6fe-cfa612c423ea}</UniqueIdentifier>
    </Filter>
    <Filter Include="Source Files\Constants">
      <UniqueIdentifier>{8d11b82f-2e9f-4226-ac2a-41e6500915b1}</UniqueIdentifier>
    </Filter>
    <Filter Include="Header Files\Tiles">
      <UniqueIdentifier>{d61be321-3a1f-4893-83b7-da6540707452}</UniqueIdentifier>
    </Filter>
    <Filter Include="Source Files\Tiles">
      <UniqueIdentifier>{6137542a-6e56-4998-a582-21b2b9cd3200}</UniqueIdentifier>
    </Filter>
    <Filter Include="Header Files\Projectiles">
      <UniqueIdentifier>{aa36ff7b-4b31-40f2-8d26-75b37c541967}</UniqueIdentifier>
    </Filter>
    <Filter Include="Source Files\Projectiles">
      <UniqueIdentifier>{d782ecc1-6a2f-469a-ba89-86d0e78bce9d}</UniqueIdentifier>
    </Filter>
    <Filter Include="Header Files\Player">
      <UniqueIdentifier>{f394f30c-106c-428e-ae21-1c986c68385b}</UniqueIdentifier>
    </Filter>
    <Filter Include="Source Files\Player">
      <UniqueIdentifier>{522403be-e315-4d2e-b75f-9824a2ebd5a6}</UniqueIdentifier>
    </Filter>
    <Filter Include="Header Files\PathFinding">
      <UniqueIdentifier>{493463af-ece0-46b0-a125-d4434582f875}</UniqueIdentifier>
    </Filter>
    <Filter Include="Source Files\PathFinding">
      <UniqueIdentifier>{9cd5e60e-771e-4c75-91c3-8f6f0ea56a91}</UniqueIdentifier>
    </Filter>
  </ItemGroup>
  <ItemGroup>
    <ClCompile Include="src\main.cpp">
      <Filter>Source Files</Filter>
    </ClCompile>
    <ClCompile Include="src\Game.cpp">
      <Filter>Source Files</Filter>
    </ClCompile>
    <ClCompile Include="src\Controllers\GameController.cpp">
      <Filter>Source Files\Controllers</Filter>
    </ClCompile>
    <ClCompile Include="src\Factories\EnemyFactory.cpp">
      <Filter>Source Files\Factories</Filter>
    </ClCompile>
    <ClCompile Include="src\Controllers\ViewController.cpp">
      <Filter>Source Files\Controllers</Filter>
    </ClCompile>
    <ClCompile Include="src\Controllers\EnemyController.cpp">
      <Filter>Source Files\Controllers</Filter>
    </ClCompile>
    <ClCompile Include="src\Enemy\EnemyBase.cpp">
      <Filter>Source Files\Enemy</Filter>
    </ClCompile>
    <ClCompile Include="src\Data\EnemyData.cpp">
      <Filter>Source Files\Data</Filter>
    </ClCompile>
    <ClCompile Include="src\Loaders\DataLoader.cpp">
      <Filter>Source Files\Loaders</Filter>
    </ClCompile>
    <ClCompile Include="src\Enemy\SlowEnemy.cpp">
      <Filter>Source Files\Enemy</Filter>
    </ClCompile>
    <ClCompile Include="src\Enemy\FastEnemy.cpp">
      <Filter>Source Files\Enemy</Filter>
    </ClCompile>
    <ClCompile Include="src\Views\EnemyViewController.cpp">
      <Filter>Source Files\Views</Filter>
    </ClCompile>
    <ClCompile Include="src\Controllers\TowerController.cpp">
      <Filter>Source Files\Controllers</Filter>
    </ClCompile>
    <ClCompile Include="src\Tower\TowerBase.cpp">
      <Filter>Source Files\Tower</Filter>
    </ClCompile>
    <ClCompile Include="src\Factories\TowerFactory.cpp">
      <Filter>Source Files\Factories</Filter>
    </ClCompile>
    <ClCompile Include="src\Tower\SlowTower.cpp">
      <Filter>Source Files\Tower</Filter>
    </ClCompile>
    <ClCompile Include="src\Tower\FastTower.cpp">
      <Filter>Source Files\Tower</Filter>
    </ClCompile>
    <ClCompile Include="src\Constants\Constants.cpp">
      <Filter>Source Files\Constants</Filter>
    </ClCompile>
    <ClCompile Include="src\Views\EnemyView.cpp">
      <Filter>Source Files\Views</Filter>
    </ClCompile>
    <ClCompile Include="src\Data\TileData.cpp">
      <Filter>Source Files\Data</Filter>
    </ClCompile>
    <ClCompile Include="src\Tiles\TileBase.cpp">
      <Filter>Source Files\Tiles</Filter>
    </ClCompile>
    <ClCompile Include="src\Controllers\TileController.cpp">
      <Filter>Source Files\Controllers</Filter>
    </ClCompile>
    <ClCompile Include="src\Factories\TileFactory.cpp">
      <Filter>Source Files\Factories</Filter>
    </ClCompile>
    <ClCompile Include="src\Tiles\ImpassableTile.cpp">
      <Filter>Source Files\Tiles</Filter>
    </ClCompile>
    <ClCompile Include="src\Tiles\PassableTile.cpp">
      <Filter>Source Files\Tiles</Filter>
    </ClCompile>
    <ClCompile Include="src\Tiles\PlayerPointTile.cpp">
      <Filter>Source Files\Tiles</Filter>
    </ClCompile>
    <ClCompile Include="src\Tiles\SpawnPointTile.cpp">
      <Filter>Source Files\Tiles</Filter>
    </ClCompile>
    <ClCompile Include="src\Controllers\ProjectileController.cpp">
      <Filter>Source Files\Controllers</Filter>
    </ClCompile>
    <ClCompile Include="src\Factories\ProjectileFactory.cpp">
      <Filter>Source Files\Factories</Filter>
    </ClCompile>
    <ClCompile Include="src\Projectiles\NormalProjectile.cpp">
      <Filter>Source Files\Projectiles</Filter>
    </ClCompile>
    <ClCompile Include="src\Projectiles\ProjectileBase.cpp">
      <Filter>Source Files\Projectiles</Filter>
    </ClCompile>
    <ClCompile Include="src\Player\Player.cpp">
      <Filter>Source Files\Player</Filter>
    </ClCompile>
    <ClCompile Include="src\Data\PlayerData.cpp">
      <Filter>Source Files\Data</Filter>
    </ClCompile>
    <ClCompile Include="src\Controllers\ControllerBase.cpp">
      <Filter>Source Files\Controllers</Filter>
    </ClCompile>
    <ClCompile Include="src\PathFinding\PathFinding.cpp">
      <Filter>Source Files\PathFinding</Filter>
    </ClCompile>
    <ClCompile Include="src\PathFinding\PathNode.cpp">
      <Filter>Source Files\PathFinding</Filter>
    </ClCompile>
    <ClCompile Include="src\Views\TileViewController.cpp">
      <Filter>Source Files\Views</Filter>
    </ClCompile>
  </ItemGroup>
  <ItemGroup>
    <ClInclude Include="include\Game.h">
      <Filter>Header Files</Filter>
    </ClInclude>
    <ClInclude Include="include\Controllers\GameController.h">
      <Filter>Header Files\Controllers</Filter>
    </ClInclude>
    <ClInclude Include="include\Factories\EnemyFactory.h">
      <Filter>Header Files\Factories</Filter>
    </ClInclude>
    <ClInclude Include="include\Controllers\ViewController.h">
      <Filter>Header Files\Controllers</Filter>
    </ClInclude>
    <ClInclude Include="include\Controllers\EnemyController.h">
      <Filter>Header Files\Controllers</Filter>
    </ClInclude>
    <ClInclude Include="include\Enemy\EnemyBase.h">
      <Filter>Header Files\Enemy</Filter>
    </ClInclude>
    <ClInclude Include="include\Data\EnemyData.h">
      <Filter>Header Files\Data</Filter>
    </ClInclude>
    <ClInclude Include="include\Loaders\DataLoader.h">
      <Filter>Header Files\Loaders</Filter>
    </ClInclude>
    <ClInclude Include="include\Enemy\FastEnemy.h">
      <Filter>Header Files\Enemy</Filter>
    </ClInclude>
    <ClInclude Include="include\Enemy\SlowEnemy.h">
      <Filter>Header Files\Enemy</Filter>
    </ClInclude>
    <ClInclude Include="include\Views\EnemyViewController.h">
      <Filter>Header Files\Views</Filter>
    </ClInclude>
    <ClInclude Include="include\Controllers\TowerController.h">
      <Filter>Header Files\Controllers</Filter>
    </ClInclude>
    <ClInclude Include="include\Tower\TowerBase.h">
      <Filter>Header Files\Tower</Filter>
    </ClInclude>
    <ClInclude Include="include\Factories\TowerFactory.h">
      <Filter>Header Files\Factories</Filter>
    </ClInclude>
    <ClInclude Include="include\Tower\SlowTower.h">
      <Filter>Header Files\Tower</Filter>
    </ClInclude>
    <ClInclude Include="include\Tower\FastTower.h">
      <Filter>Header Files\Tower</Filter>
    </ClInclude>
    <ClInclude Include="include\Constants\Constants.h">
      <Filter>Header Files\Constants</Filter>
    </ClInclude>
    <ClInclude Include="include\Views\EnemyView.h">
      <Filter>Header Files\Views</Filter>
    </ClInclude>
    <ClInclude Include="include\Data\TileData.h">
      <Filter>Header Files\Data</Filter>
    </ClInclude>
    <ClInclude Include="include\Tiles\TileBase.h">
      <Filter>Header Files\Tiles</Filter>
    </ClInclude>
    <ClInclude Include="include\Controllers\TileController.h">
      <Filter>Header Files\Controllers</Filter>
    </ClInclude>
    <ClInclude Include="include\Factories\TileFactory.h">
      <Filter>Header Files\Factories</Filter>
    </ClInclude>
    <ClInclude Include="include\Tiles\ImpassableTile.h">
      <Filter>Header Files\Tiles</Filter>
    </ClInclude>
    <ClInclude Include="include\Tiles\PassableTile.h">
      <Filter>Header Files\Tiles</Filter>
    </ClInclude>
    <ClInclude Include="include\Tiles\PlayerPointTile.h">
      <Filter>Header Files\Tiles</Filter>
    </ClInclude>
    <ClInclude Include="include\Tiles\SpawnPointTile.h">
      <Filter>Header Files\Tiles</Filter>
    </ClInclude>
    <ClInclude Include="include\Controllers\ProjectileController.h">
      <Filter>Header Files\Controllers</Filter>
    </ClInclude>
    <ClInclude Include="include\Factories\ProjectileFactory.h">
      <Filter>Header Files\Factories</Filter>
    </ClInclude>
    <ClInclude Include="include\Projectiles\NormalProjectile.h">
      <Filter>Header Files\Projectiles</Filter>
    </ClInclude>
    <ClInclude Include="include\Projectiles\ProjectileBase.h">
      <Filter>Header Files\Projectiles</Filter>
    </ClInclude>
    <ClInclude Include="include\Player\Player.h">
      <Filter>Header Files\Player</Filter>
    </ClInclude>
    <ClInclude Include="include\Data\PlayerData.h">
      <Filter>Header Files\Data</Filter>
    </ClInclude>
    <ClInclude Include="include\Controllers\ControllerBase.h">
      <Filter>Header Files\Controllers</Filter>
    </ClInclude>
    <ClInclude Include="include\PathFinding\PathFinding.h">
      <Filter>Header Files\PathFinding</Filter>
    </ClInclude>
    <ClInclude Include="include\PathFinding\PathNode.h">
      <Filter>Header Files\PathFinding</Filter>
    </ClInclude>
    <ClInclude Include="include\Views\TileViewController.h">
      <Filter>Header Files\Views</Filter>
    </ClInclude>
  </ItemGroup>
</Project>